
Microsoft Visual Studio Solution File, Format Version 12.00
# Visual Studio Version 16
VisualStudioVersion = 16.0.30804.86
MinimumVisualStudioVersion = 10.0.40219.1
Project("{8BC9CEB8-8B4A-11D0-8D11-00A0C91BC942}") = "1000", "1000\1000.vcxproj", "{6B21205E-39CA-45EE-BC0A-2CB3AFCC8284}"
EndProject
Project("{8BC9CEB8-8B4A-11D0-8D11-00A0C91BC942}") = "1001", "1001\1001.vcxproj", "{86F8EB54-EFFD-489F-8648-13399BAB5A0A}"
EndProject
Project("{8BC9CEB8-8B4A-11D0-8D11-00A0C91BC942}") = "1008", "1008\1008.vcxproj", "{CBB09683-D6C6-493F-9996-D6D1C2911717}"
EndProject
Project("{8BC9CEB8-8B4A-11D0-8D11-00A0C91BC942}") = "1330", "1330\1330.vcxproj", "{FF8CE027-BADF-4A73-983A-2199DB9A9486}"
EndProject
Project("{8BC9CEB8-8B4A-11D0-8D11-00A0C91BC942}") = "1110", "1110\1110.vcxproj", "{C70EE4EC-A4C8-466C-8928-3CEFABFAE7C4}"
EndProject
Project("{8BC9CEB8-8B4A-11D0-8D11-00A0C91BC942}") = "1546", "1546\1546.vcxproj", "{7C92980A-5416-45D5-AC04-61B0C4DAF7BF}"
EndProject
Project("{8BC9CEB8-8B4A-11D0-8D11-00A0C91BC942}") = "1065", "1065\1065.vcxproj", "{C7242E7D-9ED1-4F04-AB20-792B13E9DA5A}"
EndProject
Project("{8BC9CEB8-8B4A-11D0-8D11-00A0C91BC942}") = "1152", "1152\1152.vcxproj", "{44833FFD-1C76-4BB1-A9F0-D1A3F5577B7A}"
EndProject
Project("{8BC9CEB8-8B4A-11D0-8D11-00A0C91BC942}") = "1157", "1157\1157.vcxproj", "{01B30534-35CF-4D2E-B85E-8E1B20775113}"
EndProject
Project("{8BC9CEB8-8B4A-11D0-8D11-00A0C91BC942}") = "1316", "1316\1316.vcxproj", "{21C940A6-491F-4568-8C7F-880916392CD5}"
EndProject
Project("{8BC9CEB8-8B4A-11D0-8D11-00A0C91BC942}") = "1712", "1712\1712.vcxproj", "{AEC87670-502C-4B20-A1FB-BB2A5169172F}"
EndProject
Project("{8BC9CEB8-8B4A-11D0-8D11-00A0C91BC942}") = "1193", "1193\1193.vcxproj", "{A387524A-0289-4632-847D-73E6BE59800E}"
EndProject
Project("{8BC9CEB8-8B4A-11D0-8D11-00A0C91BC942}") = "1011", "1011\1011.vcxproj", "{CE805C96-9980-415F-B9FA-2617F26706C5}"
EndProject
Project("{8BC9CEB8-8B4A-11D0-8D11-00A0C91BC942}") = "1978", "1978\1978.vcxproj", "{B232FF41-8788-4A85-9956-4296B52337BD}"
EndProject
Project("{8BC9CEB8-8B4A-11D0-8D11-00A0C91BC942}") = "1929", "1929\1929.vcxproj", "{EF26FD2E-9BC2-42D9-BD12-E53F297D8529}"
EndProject
Project("{8BC9CEB8-8B4A-11D0-8D11-00A0C91BC942}") = "1085", "1085\1085.vcxproj", "{97A8F121-5DE8-4564-8339-E28D554944BF}"
EndProject
Project("{8BC9CEB8-8B4A-11D0-8D11-00A0C91BC942}") = "1002", "1002\1002.vcxproj", "{37DC3D91-C4DA-4DA3-B2C8-275CC12A766F}"
EndProject
Project("{8BC9CEB8-8B4A-11D0-8D11-00A0C91BC942}") = "1018", "1018\1018.vcxproj", "{069432D7-DE6D-43DE-A7C0-C3083D131870}"
EndProject
Project("{8BC9CEB8-8B4A-11D0-8D11-00A0C91BC942}") = "1436", "1436\1436.vcxproj", "{23A624C4-DFE7-4D66-8481-A41DE7874CC4}"
EndProject
Global
	GlobalSection(SolutionConfigurationPlatforms) = preSolution
		Debug|x64 = Debug|x64
		Debug|x86 = Debug|x86
		Release|x64 = Release|x64
		Release|x86 = Release|x86
	EndGlobalSection
	GlobalSection(ProjectConfigurationPlatforms) = postSolution
		{6B21205E-39CA-45EE-BC0A-2CB3AFCC8284}.Debug|x64.ActiveCfg = Debug|x64
		{6B21205E-39CA-45EE-BC0A-2CB3AFCC8284}.Debug|x64.Build.0 = Debug|x64
		{6B21205E-39CA-45EE-BC0A-2CB3AFCC8284}.Debug|x86.ActiveCfg = Debug|Win32
		{6B21205E-39CA-45EE-BC0A-2CB3AFCC8284}.Debug|x86.Build.0 = Debug|Win32
		{6B21205E-39CA-45EE-BC0A-2CB3AFCC8284}.Release|x64.ActiveCfg = Release|x64
		{6B21205E-39CA-45EE-BC0A-2CB3AFCC8284}.Release|x64.Build.0 = Release|x64
		{6B21205E-39CA-45EE-BC0A-2CB3AFCC8284}.Release|x86.ActiveCfg = Release|Win32
		{6B21205E-39CA-45EE-BC0A-2CB3AFCC8284}.Release|x86.Build.0 = Release|Win32
		{86F8EB54-EFFD-489F-8648-13399BAB5A0A}.Debug|x64.ActiveCfg = Debug|x64
		{86F8EB54-EFFD-489F-8648-13399BAB5A0A}.Debug|x64.Build.0 = Debug|x64
		{86F8EB54-EFFD-489F-8648-13399BAB5A0A}.Debug|x86.ActiveCfg = Debug|Win32
		{86F8EB54-EFFD-489F-8648-13399BAB5A0A}.Debug|x86.Build.0 = Debug|Win32
		{86F8EB54-EFFD-489F-8648-13399BAB5A0A}.Release|x64.ActiveCfg = Release|x64
		{86F8EB54-EFFD-489F-8648-13399BAB5A0A}.Release|x64.Build.0 = Release|x64
		{86F8EB54-EFFD-489F-8648-13399BAB5A0A}.Release|x86.ActiveCfg = Release|Win32
		{86F8EB54-EFFD-489F-8648-13399BAB5A0A}.Release|x86.Build.0 = Release|Win32
		{CBB09683-D6C6-493F-9996-D6D1C2911717}.Debug|x64.ActiveCfg = Debug|x64
		{CBB09683-D6C6-493F-9996-D6D1C2911717}.Debug|x64.Build.0 = Debug|x64
		{CBB09683-D6C6-493F-9996-D6D1C2911717}.Debug|x86.ActiveCfg = Debug|Win32
		{CBB09683-D6C6-493F-9996-D6D1C2911717}.Debug|x86.Build.0 = Debug|Win32
		{CBB09683-D6C6-493F-9996-D6D1C2911717}.Release|x64.ActiveCfg = Release|x64
		{CBB09683-D6C6-493F-9996-D6D1C2911717}.Release|x64.Build.0 = Release|x64
		{CBB09683-D6C6-493F-9996-D6D1C2911717}.Release|x86.ActiveCfg = Release|Win32
		{CBB09683-D6C6-493F-9996-D6D1C2911717}.Release|x86.Build.0 = Release|Win32
		{FF8CE027-BADF-4A73-983A-2199DB9A9486}.Debug|x64.ActiveCfg = Debug|x64
		{FF8CE027-BADF-4A73-983A-2199DB9A9486}.Debug|x64.Build.0 = Debug|x64
		{FF8CE027-BADF-4A73-983A-2199DB9A9486}.Debug|x86.ActiveCfg = Debug|Win32
		{FF8CE027-BADF-4A73-983A-2199DB9A9486}.Debug|x86.Build.0 = Debug|Win32
		{FF8CE027-BADF-4A73-983A-2199DB9A9486}.Release|x64.ActiveCfg = Release|x64
		{FF8CE027-BADF-4A73-983A-2199DB9A9486}.Release|x64.Build.0 = Release|x64
		{FF8CE027-BADF-4A73-983A-2199DB9A9486}.Release|x86.ActiveCfg = Release|Win32
		{FF8CE027-BADF-4A73-983A-2199DB9A9486}.Release|x86.Build.0 = Release|Win32
		{C70EE4EC-A4C8-466C-8928-3CEFABFAE7C4}.Debug|x64.ActiveCfg = Debug|x64
		{C70EE4EC-A4C8-466C-8928-3CEFABFAE7C4}.Debug|x64.Build.0 = Debug|x64
		{C70EE4EC-A4C8-466C-8928-3CEFABFAE7C4}.Debug|x86.ActiveCfg = Debug|Win32
		{C70EE4EC-A4C8-466C-8928-3CEFABFAE7C4}.Debug|x86.Build.0 = Debug|Win32
		{C70EE4EC-A4C8-466C-8928-3CEFABFAE7C4}.Release|x64.ActiveCfg = Release|x64
		{C70EE4EC-A4C8-466C-8928-3CEFABFAE7C4}.Release|x64.Build.0 = Release|x64
		{C70EE4EC-A4C8-466C-8928-3CEFABFAE7C4}.Release|x86.ActiveCfg = Release|Win32
		{C70EE4EC-A4C8-466C-8928-3CEFABFAE7C4}.Release|x86.Build.0 = Release|Win32
		{7C92980A-5416-45D5-AC04-61B0C4DAF7BF}.Debug|x64.ActiveCfg = Debug|x64
		{7C92980A-5416-45D5-AC04-61B0C4DAF7BF}.Debug|x64.Build.0 = Debug|x64
		{7C92980A-5416-45D5-AC04-61B0C4DAF7BF}.Debug|x86.ActiveCfg = Debug|Win32
		{7C92980A-5416-45D5-AC04-61B0C4DAF7BF}.Debug|x86.Build.0 = Debug|Win32
		{7C92980A-5416-45D5-AC04-61B0C4DAF7BF}.Release|x64.ActiveCfg = Release|x64
		{7C92980A-5416-45D5-AC04-61B0C4DAF7BF}.Release|x64.Build.0 = Release|x64
		{7C92980A-5416-45D5-AC04-61B0C4DAF7BF}.Release|x86.ActiveCfg = Release|Win32
		{7C92980A-5416-45D5-AC04-61B0C4DAF7BF}.Release|x86.Build.0 = Release|Win32
		{C7242E7D-9ED1-4F04-AB20-792B13E9DA5A}.Debug|x64.ActiveCfg = Debug|x64
		{C7242E7D-9ED1-4F04-AB20-792B13E9DA5A}.Debug|x64.Build.0 = Debug|x64
		{C7242E7D-9ED1-4F04-AB20-792B13E9DA5A}.Debug|x86.ActiveCfg = Debug|Win32
		{C7242E7D-9ED1-4F04-AB20-792B13E9DA5A}.Debug|x86.Build.0 = Debug|Win32
		{C7242E7D-9ED1-4F04-AB20-792B13E9DA5A}.Release|x64.ActiveCfg = Release|x64
		{C7242E7D-9ED1-4F04-AB20-792B13E9DA5A}.Release|x64.Build.0 = Release|x64
		{C7242E7D-9ED1-4F04-AB20-792B13E9DA5A}.Release|x86.ActiveCfg = Release|Win32
		{C7242E7D-9ED1-4F04-AB20-792B13E9DA5A}.Release|x86.Build.0 = Release|Win32
		{44833FFD-1C76-4BB1-A9F0-D1A3F5577B7A}.Debug|x64.ActiveCfg = Debug|x64
		{44833FFD-1C76-4BB1-A9F0-D1A3F5577B7A}.Debug|x64.Build.0 = Debug|x64
		{44833FFD-1C76-4BB1-A9F0-D1A3F5577B7A}.Debug|x86.ActiveCfg = Debug|Win32
		{44833FFD-1C76-4BB1-A9F0-D1A3F5577B7A}.Debug|x86.Build.0 = Debug|Win32
		{44833FFD-1C76-4BB1-A9F0-D1A3F5577B7A}.Release|x64.ActiveCfg = Release|x64
		{44833FFD-1C76-4BB1-A9F0-D1A3F5577B7A}.Release|x64.Build.0 = Release|x64
		{44833FFD-1C76-4BB1-A9F0-D1A3F5577B7A}.Release|x86.ActiveCfg = Release|Win32
		{44833FFD-1C76-4BB1-A9F0-D1A3F5577B7A}.Release|x86.Build.0 = Release|Win32
		{01B30534-35CF-4D2E-B85E-8E1B20775113}.Debug|x64.ActiveCfg = Debug|x64
		{01B30534-35CF-4D2E-B85E-8E1B20775113}.Debug|x64.Build.0 = Debug|x64
		{01B30534-35CF-4D2E-B85E-8E1B20775113}.Debug|x86.ActiveCfg = Debug|Win32
		{01B30534-35CF-4D2E-B85E-8E1B20775113}.Debug|x86.Build.0 = Debug|Win32
		{01B30534-35CF-4D2E-B85E-8E1B20775113}.Release|x64.ActiveCfg = Release|x64
		{01B30534-35CF-4D2E-B85E-8E1B20775113}.Release|x64.Build.0 = Release|x64
		{01B30534-35CF-4D2E-B85E-8E1B20775113}.Release|x86.ActiveCfg = Release|Win32
		{01B30534-35CF-4D2E-B85E-8E1B20775113}.Release|x86.Build.0 = Release|Win32
		{21C940A6-491F-4568-8C7F-880916392CD5}.Debug|x64.ActiveCfg = Debug|x64
		{21C940A6-491F-4568-8C7F-880916392CD5}.Debug|x64.Build.0 = Debug|x64
		{21C940A6-491F-4568-8C7F-880916392CD5}.Debug|x86.ActiveCfg = Debug|Win32
		{21C940A6-491F-4568-8C7F-880916392CD5}.Debug|x86.Build.0 = Debug|Win32
		{21C940A6-491F-4568-8C7F-880916392CD5}.Release|x64.ActiveCfg = Release|x64
		{21C940A6-491F-4568-8C7F-880916392CD5}.Release|x64.Build.0 = Release|x64
		{21C940A6-491F-4568-8C7F-880916392CD5}.Release|x86.ActiveCfg = Release|Win32
		{21C940A6-491F-4568-8C7F-880916392CD5}.Release|x86.Build.0 = Release|Win32
		{AEC87670-502C-4B20-A1FB-BB2A5169172F}.Debug|x64.ActiveCfg = Debug|x64
		{AEC87670-502C-4B20-A1FB-BB2A5169172F}.Debug|x64.Build.0 = Debug|x64
		{AEC87670-502C-4B20-A1FB-BB2A5169172F}.Debug|x86.ActiveCfg = Debug|Win32
		{AEC87670-502C-4B20-A1FB-BB2A5169172F}.Debug|x86.Build.0 = Debug|Win32
		{AEC87670-502C-4B20-A1FB-BB2A5169172F}.Release|x64.ActiveCfg = Release|x64
		{AEC87670-502C-4B20-A1FB-BB2A5169172F}.Release|x64.Build.0 = Release|x64
		{AEC87670-502C-4B20-A1FB-BB2A5169172F}.Release|x86.ActiveCfg = Release|Win32
		{AEC87670-502C-4B20-A1FB-BB2A5169172F}.Release|x86.Build.0 = Release|Win32
		{A387524A-0289-4632-847D-73E6BE59800E}.Debug|x64.ActiveCfg = Debug|x64
		{A387524A-0289-4632-847D-73E6BE59800E}.Debug|x64.Build.0 = Debug|x64
		{A387524A-0289-4632-847D-73E6BE59800E}.Debug|x86.ActiveCfg = Debug|Win32
		{A387524A-0289-4632-847D-73E6BE59800E}.Debug|x86.Build.0 = Debug|Win32
		{A387524A-0289-4632-847D-73E6BE59800E}.Release|x64.ActiveCfg = Release|x64
		{A387524A-0289-4632-847D-73E6BE59800E}.Release|x64.Build.0 = Release|x64
		{A387524A-0289-4632-847D-73E6BE59800E}.Release|x86.ActiveCfg = Release|Win32
		{A387524A-0289-4632-847D-73E6BE59800E}.Release|x86.Build.0 = Release|Win32
		{CE805C96-9980-415F-B9FA-2617F26706C5}.Debug|x64.ActiveCfg = Debug|x64
		{CE805C96-9980-415F-B9FA-2617F26706C5}.Debug|x64.Build.0 = Debug|x64
		{CE805C96-9980-415F-B9FA-2617F26706C5}.Debug|x86.ActiveCfg = Debug|Win32
		{CE805C96-9980-415F-B9FA-2617F26706C5}.Debug|x86.Build.0 = Debug|Win32
		{CE805C96-9980-415F-B9FA-2617F26706C5}.Release|x64.ActiveCfg = Release|x64
		{CE805C96-9980-415F-B9FA-2617F26706C5}.Release|x64.Build.0 = Release|x64
		{CE805C96-9980-415F-B9FA-2617F26706C5}.Release|x86.ActiveCfg = Release|Win32
		{CE805C96-9980-415F-B9FA-2617F26706C5}.Release|x86.Build.0 = Release|Win32
		{B232FF41-8788-4A85-9956-4296B52337BD}.Debug|x64.ActiveCfg = Debug|x64
		{B232FF41-8788-4A85-9956-4296B52337BD}.Debug|x64.Build.0 = Debug|x64
		{B232FF41-8788-4A85-9956-4296B52337BD}.Debug|x86.ActiveCfg = Debug|Win32
		{B232FF41-8788-4A85-9956-4296B52337BD}.Debug|x86.Build.0 = Debug|Win32
		{B232FF41-8788-4A85-9956-4296B52337BD}.Release|x64.ActiveCfg = Release|x64
		{B232FF41-8788-4A85-9956-4296B52337BD}.Release|x64.Build.0 = Release|x64
		{B232FF41-8788-4A85-9956-4296B52337BD}.Release|x86.ActiveCfg = Release|Win32
		{B232FF41-8788-4A85-9956-4296B52337BD}.Release|x86.Build.0 = Release|Win32
		{EF26FD2E-9BC2-42D9-BD12-E53F297D8529}.Debug|x64.ActiveCfg = Debug|x64
		{EF26FD2E-9BC2-42D9-BD12-E53F297D8529}.Debug|x64.Build.0 = Debug|x64
		{EF26FD2E-9BC2-42D9-BD12-E53F297D8529}.Debug|x86.ActiveCfg = Debug|Win32
		{EF26FD2E-9BC2-42D9-BD12-E53F297D8529}.Debug|x86.Build.0 = Debug|Win32
		{EF26FD2E-9BC2-42D9-BD12-E53F297D8529}.Release|x64.ActiveCfg = Release|x64
		{EF26FD2E-9BC2-42D9-BD12-E53F297D8529}.Release|x64.Build.0 = Release|x64
		{EF26FD2E-9BC2-42D9-BD12-E53F297D8529}.Release|x86.ActiveCfg = Release|Win32
		{EF26FD2E-9BC2-42D9-BD12-E53F297D8529}.Release|x86.Build.0 = Release|Win32
		{97A8F121-5DE8-4564-8339-E28D554944BF}.Debug|x64.ActiveCfg = Debug|x64
		{97A8F121-5DE8-4564-8339-E28D554944BF}.Debug|x64.Build.0 = Debug|x64
		{97A8F121-5DE8-4564-8339-E28D554944BF}.Debug|x86.ActiveCfg = Debug|Win32
		{97A8F121-5DE8-4564-8339-E28D554944BF}.Debug|x86.Build.0 = Debug|Win32
		{97A8F121-5DE8-4564-8339-E28D554944BF}.Release|x64.ActiveCfg = Release|x64
		{97A8F121-5DE8-4564-8339-E28D554944BF}.Release|x64.Build.0 = Release|x64
		{97A8F121-5DE8-4564-8339-E28D554944BF}.Release|x86.ActiveCfg = Release|Win32
		{97A8F121-5DE8-4564-8339-E28D554944BF}.Release|x86.Build.0 = Release|Win32
		{37DC3D91-C4DA-4DA3-B2C8-275CC12A766F}.Debug|x64.ActiveCfg = Debug|x64
		{37DC3D91-C4DA-4DA3-B2C8-275CC12A766F}.Debug|x64.Build.0 = Debug|x64
		{37DC3D91-C4DA-4DA3-B2C8-275CC12A766F}.Debug|x86.ActiveCfg = Debug|Win32
		{37DC3D91-C4DA-4DA3-B2C8-275CC12A766F}.Debug|x86.Build.0 = Debug|Win32
		{37DC3D91-C4DA-4DA3-B2C8-275CC12A766F}.Release|x64.ActiveCfg = Release|x64
		{37DC3D91-C4DA-4DA3-B2C8-275CC12A766F}.Release|x64.Build.0 = Release|x64
		{37DC3D91-C4DA-4DA3-B2C8-275CC12A766F}.Release|x86.ActiveCfg = Release|Win32
		{37DC3D91-C4DA-4DA3-B2C8-275CC12A766F}.Release|x86.Build.0 = Release|Win32
		{069432D7-DE6D-43DE-A7C0-C3083D131870}.Debug|x64.ActiveCfg = Debug|x64
		{069432D7-DE6D-43DE-A7C0-C3083D131870}.Debug|x64.Build.0 = Debug|x64
		{069432D7-DE6D-43DE-A7C0-C3083D131870}.Debug|x86.ActiveCfg = Debug|Win32
		{069432D7-DE6D-43DE-A7C0-C3083D131870}.Debug|x86.Build.0 = Debug|Win32
		{069432D7-DE6D-43DE-A7C0-C3083D131870}.Release|x64.ActiveCfg = Release|x64
		{069432D7-DE6D-43DE-A7C0-C3083D131870}.Release|x64.Build.0 = Release|x64
		{069432D7-DE6D-43DE-A7C0-C3083D131870}.Release|x86.ActiveCfg = Release|Win32
		{069432D7-DE6D-43DE-A7C0-C3083D131870}.Release|x86.Build.0 = Release|Win32
		{23A624C4-DFE7-4D66-8481-A41DE7874CC4}.Debug|x64.ActiveCfg = Debug|x64
		{23A624C4-DFE7-4D66-8481-A41DE7874CC4}.Debug|x64.Build.0 = Debug|x64
		{23A624C4-DFE7-4D66-8481-A41DE7874CC4}.Debug|x86.ActiveCfg = Debug|Win32
		{23A624C4-DFE7-4D66-8481-A41DE7874CC4}.Debug|x86.Build.0 = Debug|Win32
		{23A624C4-DFE7-4D66-8481-A41DE7874CC4}.Release|x64.ActiveCfg = Release|x64
		{23A624C4-DFE7-4D66-8481-A41DE7874CC4}.Release|x64.Build.0 = Release|x64
		{23A624C4-DFE7-4D66-8481-A41DE7874CC4}.Release|x86.ActiveCfg = Release|Win32
		{23A624C4-DFE7-4D66-8481-A41DE7874CC4}.Release|x86.Build.0 = Release|Win32
	EndGlobalSection
	GlobalSection(SolutionProperties) = preSolution
		HideSolutionNode = FALSE
	EndGlobalSection
	GlobalSection(ExtensibilityGlobals) = postSolution
		SolutionGuid = {108D9A9C-F294-46A5-B5E8-299CDC43B315}
	EndGlobalSection
EndGlobal
