
Microsoft Visual Studio Solution File, Format Version 12.00
# Visual Studio Version 16
VisualStudioVersion = 16.0.30804.86
MinimumVisualStudioVersion = 10.0.40219.1
Project("{8BC9CEB8-8B4A-11D0-8D11-00A0C91BC942}") = "2557", "2557\2557.vcxproj", "{D28AACC7-7B41-4C08-9707-4A0064DA97DD}"
EndProject
Project("{8BC9CEB8-8B4A-11D0-8D11-00A0C91BC942}") = "2588", "2588\2588.vcxproj", "{DC076E88-5FC7-4829-B69C-AE2A0C1C639E}"
EndProject
Project("{8BC9CEB8-8B4A-11D0-8D11-00A0C91BC942}") = "2753", "2753\2753.vcxproj", "{84C61DDD-BB20-4C00-8087-AFCA946621A9}"
EndProject
Project("{8BC9CEB8-8B4A-11D0-8D11-00A0C91BC942}") = "2884", "2884\2884.vcxproj", "{EC23726B-A437-431F-8F73-A8CA2DCB7FBB}"
EndProject
Project("{8BC9CEB8-8B4A-11D0-8D11-00A0C91BC942}") = "2739", "2739\2739.vcxproj", "{FD017927-9746-45A3-A959-D7D747974C16}"
EndProject
Project("{8BC9CEB8-8B4A-11D0-8D11-00A0C91BC942}") = "2741", "2741\2741.vcxproj", "{F40C0CAB-9098-4ECB-9EE9-F0687DB9EC92}"
EndProject
Project("{8BC9CEB8-8B4A-11D0-8D11-00A0C91BC942}") = "2742", "2742\2742.vcxproj", "{AD5C1050-98AD-4F2F-A044-5161AF200DF5}"
EndProject
Project("{8BC9CEB8-8B4A-11D0-8D11-00A0C91BC942}") = "2438", "2438\2438.vcxproj", "{2ED0002D-DA7E-4961-AAD9-86465B12CA17}"
EndProject
Project("{8BC9CEB8-8B4A-11D0-8D11-00A0C91BC942}") = "2439", "2439\2439.vcxproj", "{EBB20070-C7BC-43F4-9A96-EC522C036D86}"
EndProject
Project("{8BC9CEB8-8B4A-11D0-8D11-00A0C91BC942}") = "2562", "2562\2562.vcxproj", "{82EC257F-53D9-4807-9B14-6351F122A8F8}"
EndProject
Project("{8BC9CEB8-8B4A-11D0-8D11-00A0C91BC942}") = "2577", "2577\2577.vcxproj", "{A69A8D6F-9BB9-4224-87B7-97FC3F9304E8}"
EndProject
Project("{8BC9CEB8-8B4A-11D0-8D11-00A0C91BC942}") = "2675", "2675\2675.vcxproj", "{00D53C61-5BC6-4C25-99C1-80237770061F}"
EndProject
Project("{8BC9CEB8-8B4A-11D0-8D11-00A0C91BC942}") = "2908", "2908\2908.vcxproj", "{279305DA-C0EE-4BAC-94D2-B2CAD09D4E52}"
EndProject
Project("{8BC9CEB8-8B4A-11D0-8D11-00A0C91BC942}") = "2941", "2941\2941.vcxproj", "{7340F3B3-4DD8-4A88-9FA4-9BA119542261}"
EndProject
Project("{8BC9CEB8-8B4A-11D0-8D11-00A0C91BC942}") = "2292", "2292\2292.vcxproj", "{8A7CA34E-C19F-4EF2-9368-D77503E36083}"
EndProject
Project("{8BC9CEB8-8B4A-11D0-8D11-00A0C91BC942}") = "2775", "2775\2775.vcxproj", "{68D73A50-820D-44C0-81F8-459301906B43}"
EndProject
Project("{8BC9CEB8-8B4A-11D0-8D11-00A0C91BC942}") = "2839", "2839\2839.vcxproj", "{761A711B-333F-4265-8A54-B8919375A270}"
EndProject
Project("{8BC9CEB8-8B4A-11D0-8D11-00A0C91BC942}") = "2869", "2869\2869.vcxproj", "{FC34FFAE-5C45-44A9-AA18-65F74AA1103F}"
EndProject
Project("{8BC9CEB8-8B4A-11D0-8D11-00A0C91BC942}") = "2581", "2581\2581.vcxproj", "{1179BA67-4FB1-4A2B-ADB2-B2348F73B071}"
EndProject
Project("{8BC9CEB8-8B4A-11D0-8D11-00A0C91BC942}") = "2447", "2447\2447.vcxproj", "{FA7DD50B-002E-4A07-896B-CFD16800BE79}"
EndProject
Project("{8BC9CEB8-8B4A-11D0-8D11-00A0C91BC942}") = "2798", "2798\2798.vcxproj", "{AFDFD0AF-3268-4921-AA28-5B26FD75D1FA}"
EndProject
Project("{8BC9CEB8-8B4A-11D0-8D11-00A0C91BC942}") = "2231", "2231\2231.vcxproj", "{616820E8-B580-4CB3-9758-66A529321628}"
EndProject
Project("{8BC9CEB8-8B4A-11D0-8D11-00A0C91BC942}") = "2750", "2750\2750.vcxproj", "{5F0C4DB4-9295-4D04-88A0-45AC90A0485B}"
EndProject
Project("{8BC9CEB8-8B4A-11D0-8D11-00A0C91BC942}") = "2751", "2751\2751.vcxproj", "{071172C3-6C6B-4224-BA86-45F0E721D9DD}"
EndProject
Project("{8BC9CEB8-8B4A-11D0-8D11-00A0C91BC942}") = "2108", "2108\2108.vcxproj", "{C7324D6E-5156-4A9B-9EFB-85B718D5C260}"
EndProject
Global
	GlobalSection(SolutionConfigurationPlatforms) = preSolution
		Debug|x64 = Debug|x64
		Debug|x86 = Debug|x86
		Release|x64 = Release|x64
		Release|x86 = Release|x86
	EndGlobalSection
	GlobalSection(ProjectConfigurationPlatforms) = postSolution
		{D28AACC7-7B41-4C08-9707-4A0064DA97DD}.Debug|x64.ActiveCfg = Debug|x64
		{D28AACC7-7B41-4C08-9707-4A0064DA97DD}.Debug|x64.Build.0 = Debug|x64
		{D28AACC7-7B41-4C08-9707-4A0064DA97DD}.Debug|x86.ActiveCfg = Debug|Win32
		{D28AACC7-7B41-4C08-9707-4A0064DA97DD}.Debug|x86.Build.0 = Debug|Win32
		{D28AACC7-7B41-4C08-9707-4A0064DA97DD}.Release|x64.ActiveCfg = Release|x64
		{D28AACC7-7B41-4C08-9707-4A0064DA97DD}.Release|x64.Build.0 = Release|x64
		{D28AACC7-7B41-4C08-9707-4A0064DA97DD}.Release|x86.ActiveCfg = Release|Win32
		{D28AACC7-7B41-4C08-9707-4A0064DA97DD}.Release|x86.Build.0 = Release|Win32
		{DC076E88-5FC7-4829-B69C-AE2A0C1C639E}.Debug|x64.ActiveCfg = Debug|x64
		{DC076E88-5FC7-4829-B69C-AE2A0C1C639E}.Debug|x64.Build.0 = Debug|x64
		{DC076E88-5FC7-4829-B69C-AE2A0C1C639E}.Debug|x86.ActiveCfg = Debug|Win32
		{DC076E88-5FC7-4829-B69C-AE2A0C1C639E}.Debug|x86.Build.0 = Debug|Win32
		{DC076E88-5FC7-4829-B69C-AE2A0C1C639E}.Release|x64.ActiveCfg = Release|x64
		{DC076E88-5FC7-4829-B69C-AE2A0C1C639E}.Release|x64.Build.0 = Release|x64
		{DC076E88-5FC7-4829-B69C-AE2A0C1C639E}.Release|x86.ActiveCfg = Release|Win32
		{DC076E88-5FC7-4829-B69C-AE2A0C1C639E}.Release|x86.Build.0 = Release|Win32
		{84C61DDD-BB20-4C00-8087-AFCA946621A9}.Debug|x64.ActiveCfg = Debug|x64
		{84C61DDD-BB20-4C00-8087-AFCA946621A9}.Debug|x64.Build.0 = Debug|x64
		{84C61DDD-BB20-4C00-8087-AFCA946621A9}.Debug|x86.ActiveCfg = Debug|Win32
		{84C61DDD-BB20-4C00-8087-AFCA946621A9}.Debug|x86.Build.0 = Debug|Win32
		{84C61DDD-BB20-4C00-8087-AFCA946621A9}.Release|x64.ActiveCfg = Release|x64
		{84C61DDD-BB20-4C00-8087-AFCA946621A9}.Release|x64.Build.0 = Release|x64
		{84C61DDD-BB20-4C00-8087-AFCA946621A9}.Release|x86.ActiveCfg = Release|Win32
		{84C61DDD-BB20-4C00-8087-AFCA946621A9}.Release|x86.Build.0 = Release|Win32
		{EC23726B-A437-431F-8F73-A8CA2DCB7FBB}.Debug|x64.ActiveCfg = Debug|x64
		{EC23726B-A437-431F-8F73-A8CA2DCB7FBB}.Debug|x64.Build.0 = Debug|x64
		{EC23726B-A437-431F-8F73-A8CA2DCB7FBB}.Debug|x86.ActiveCfg = Debug|Win32
		{EC23726B-A437-431F-8F73-A8CA2DCB7FBB}.Debug|x86.Build.0 = Debug|Win32
		{EC23726B-A437-431F-8F73-A8CA2DCB7FBB}.Release|x64.ActiveCfg = Release|x64
		{EC23726B-A437-431F-8F73-A8CA2DCB7FBB}.Release|x64.Build.0 = Release|x64
		{EC23726B-A437-431F-8F73-A8CA2DCB7FBB}.Release|x86.ActiveCfg = Release|Win32
		{EC23726B-A437-431F-8F73-A8CA2DCB7FBB}.Release|x86.Build.0 = Release|Win32
		{FD017927-9746-45A3-A959-D7D747974C16}.Debug|x64.ActiveCfg = Debug|x64
		{FD017927-9746-45A3-A959-D7D747974C16}.Debug|x64.Build.0 = Debug|x64
		{FD017927-9746-45A3-A959-D7D747974C16}.Debug|x86.ActiveCfg = Debug|Win32
		{FD017927-9746-45A3-A959-D7D747974C16}.Debug|x86.Build.0 = Debug|Win32
		{FD017927-9746-45A3-A959-D7D747974C16}.Release|x64.ActiveCfg = Release|x64
		{FD017927-9746-45A3-A959-D7D747974C16}.Release|x64.Build.0 = Release|x64
		{FD017927-9746-45A3-A959-D7D747974C16}.Release|x86.ActiveCfg = Release|Win32
		{FD017927-9746-45A3-A959-D7D747974C16}.Release|x86.Build.0 = Release|Win32
		{F40C0CAB-9098-4ECB-9EE9-F0687DB9EC92}.Debug|x64.ActiveCfg = Debug|x64
		{F40C0CAB-9098-4ECB-9EE9-F0687DB9EC92}.Debug|x64.Build.0 = Debug|x64
		{F40C0CAB-9098-4ECB-9EE9-F0687DB9EC92}.Debug|x86.ActiveCfg = Debug|Win32
		{F40C0CAB-9098-4ECB-9EE9-F0687DB9EC92}.Debug|x86.Build.0 = Debug|Win32
		{F40C0CAB-9098-4ECB-9EE9-F0687DB9EC92}.Release|x64.ActiveCfg = Release|x64
		{F40C0CAB-9098-4ECB-9EE9-F0687DB9EC92}.Release|x64.Build.0 = Release|x64
		{F40C0CAB-9098-4ECB-9EE9-F0687DB9EC92}.Release|x86.ActiveCfg = Release|Win32
		{F40C0CAB-9098-4ECB-9EE9-F0687DB9EC92}.Release|x86.Build.0 = Release|Win32
		{AD5C1050-98AD-4F2F-A044-5161AF200DF5}.Debug|x64.ActiveCfg = Debug|x64
		{AD5C1050-98AD-4F2F-A044-5161AF200DF5}.Debug|x64.Build.0 = Debug|x64
		{AD5C1050-98AD-4F2F-A044-5161AF200DF5}.Debug|x86.ActiveCfg = Debug|Win32
		{AD5C1050-98AD-4F2F-A044-5161AF200DF5}.Debug|x86.Build.0 = Debug|Win32
		{AD5C1050-98AD-4F2F-A044-5161AF200DF5}.Release|x64.ActiveCfg = Release|x64
		{AD5C1050-98AD-4F2F-A044-5161AF200DF5}.Release|x64.Build.0 = Release|x64
		{AD5C1050-98AD-4F2F-A044-5161AF200DF5}.Release|x86.ActiveCfg = Release|Win32
		{AD5C1050-98AD-4F2F-A044-5161AF200DF5}.Release|x86.Build.0 = Release|Win32
		{2ED0002D-DA7E-4961-AAD9-86465B12CA17}.Debug|x64.ActiveCfg = Debug|x64
		{2ED0002D-DA7E-4961-AAD9-86465B12CA17}.Debug|x64.Build.0 = Debug|x64
		{2ED0002D-DA7E-4961-AAD9-86465B12CA17}.Debug|x86.ActiveCfg = Debug|Win32
		{2ED0002D-DA7E-4961-AAD9-86465B12CA17}.Debug|x86.Build.0 = Debug|Win32
		{2ED0002D-DA7E-4961-AAD9-86465B12CA17}.Release|x64.ActiveCfg = Release|x64
		{2ED0002D-DA7E-4961-AAD9-86465B12CA17}.Release|x64.Build.0 = Release|x64
		{2ED0002D-DA7E-4961-AAD9-86465B12CA17}.Release|x86.ActiveCfg = Release|Win32
		{2ED0002D-DA7E-4961-AAD9-86465B12CA17}.Release|x86.Build.0 = Release|Win32
		{EBB20070-C7BC-43F4-9A96-EC522C036D86}.Debug|x64.ActiveCfg = Debug|x64
		{EBB20070-C7BC-43F4-9A96-EC522C036D86}.Debug|x64.Build.0 = Debug|x64
		{EBB20070-C7BC-43F4-9A96-EC522C036D86}.Debug|x86.ActiveCfg = Debug|Win32
		{EBB20070-C7BC-43F4-9A96-EC522C036D86}.Debug|x86.Build.0 = Debug|Win32
		{EBB20070-C7BC-43F4-9A96-EC522C036D86}.Release|x64.ActiveCfg = Release|x64
		{EBB20070-C7BC-43F4-9A96-EC522C036D86}.Release|x64.Build.0 = Release|x64
		{EBB20070-C7BC-43F4-9A96-EC522C036D86}.Release|x86.ActiveCfg = Release|Win32
		{EBB20070-C7BC-43F4-9A96-EC522C036D86}.Release|x86.Build.0 = Release|Win32
		{82EC257F-53D9-4807-9B14-6351F122A8F8}.Debug|x64.ActiveCfg = Debug|x64
		{82EC257F-53D9-4807-9B14-6351F122A8F8}.Debug|x64.Build.0 = Debug|x64
		{82EC257F-53D9-4807-9B14-6351F122A8F8}.Debug|x86.ActiveCfg = Debug|Win32
		{82EC257F-53D9-4807-9B14-6351F122A8F8}.Debug|x86.Build.0 = Debug|Win32
		{82EC257F-53D9-4807-9B14-6351F122A8F8}.Release|x64.ActiveCfg = Release|x64
		{82EC257F-53D9-4807-9B14-6351F122A8F8}.Release|x64.Build.0 = Release|x64
		{82EC257F-53D9-4807-9B14-6351F122A8F8}.Release|x86.ActiveCfg = Release|Win32
		{82EC257F-53D9-4807-9B14-6351F122A8F8}.Release|x86.Build.0 = Release|Win32
		{A69A8D6F-9BB9-4224-87B7-97FC3F9304E8}.Debug|x64.ActiveCfg = Debug|x64
		{A69A8D6F-9BB9-4224-87B7-97FC3F9304E8}.Debug|x64.Build.0 = Debug|x64
		{A69A8D6F-9BB9-4224-87B7-97FC3F9304E8}.Debug|x86.ActiveCfg = Debug|Win32
		{A69A8D6F-9BB9-4224-87B7-97FC3F9304E8}.Debug|x86.Build.0 = Debug|Win32
		{A69A8D6F-9BB9-4224-87B7-97FC3F9304E8}.Release|x64.ActiveCfg = Release|x64
		{A69A8D6F-9BB9-4224-87B7-97FC3F9304E8}.Release|x64.Build.0 = Release|x64
		{A69A8D6F-9BB9-4224-87B7-97FC3F9304E8}.Release|x86.ActiveCfg = Release|Win32
		{A69A8D6F-9BB9-4224-87B7-97FC3F9304E8}.Release|x86.Build.0 = Release|Win32
		{00D53C61-5BC6-4C25-99C1-80237770061F}.Debug|x64.ActiveCfg = Debug|x64
		{00D53C61-5BC6-4C25-99C1-80237770061F}.Debug|x64.Build.0 = Debug|x64
		{00D53C61-5BC6-4C25-99C1-80237770061F}.Debug|x86.ActiveCfg = Debug|Win32
		{00D53C61-5BC6-4C25-99C1-80237770061F}.Debug|x86.Build.0 = Debug|Win32
		{00D53C61-5BC6-4C25-99C1-80237770061F}.Release|x64.ActiveCfg = Release|x64
		{00D53C61-5BC6-4C25-99C1-80237770061F}.Release|x64.Build.0 = Release|x64
		{00D53C61-5BC6-4C25-99C1-80237770061F}.Release|x86.ActiveCfg = Release|Win32
		{00D53C61-5BC6-4C25-99C1-80237770061F}.Release|x86.Build.0 = Release|Win32
		{279305DA-C0EE-4BAC-94D2-B2CAD09D4E52}.Debug|x64.ActiveCfg = Debug|x64
		{279305DA-C0EE-4BAC-94D2-B2CAD09D4E52}.Debug|x64.Build.0 = Debug|x64
		{279305DA-C0EE-4BAC-94D2-B2CAD09D4E52}.Debug|x86.ActiveCfg = Debug|Win32
		{279305DA-C0EE-4BAC-94D2-B2CAD09D4E52}.Debug|x86.Build.0 = Debug|Win32
		{279305DA-C0EE-4BAC-94D2-B2CAD09D4E52}.Release|x64.ActiveCfg = Release|x64
		{279305DA-C0EE-4BAC-94D2-B2CAD09D4E52}.Release|x64.Build.0 = Release|x64
		{279305DA-C0EE-4BAC-94D2-B2CAD09D4E52}.Release|x86.ActiveCfg = Release|Win32
		{279305DA-C0EE-4BAC-94D2-B2CAD09D4E52}.Release|x86.Build.0 = Release|Win32
		{7340F3B3-4DD8-4A88-9FA4-9BA119542261}.Debug|x64.ActiveCfg = Debug|x64
		{7340F3B3-4DD8-4A88-9FA4-9BA119542261}.Debug|x64.Build.0 = Debug|x64
		{7340F3B3-4DD8-4A88-9FA4-9BA119542261}.Debug|x86.ActiveCfg = Debug|Win32
		{7340F3B3-4DD8-4A88-9FA4-9BA119542261}.Debug|x86.Build.0 = Debug|Win32
		{7340F3B3-4DD8-4A88-9FA4-9BA119542261}.Release|x64.ActiveCfg = Release|x64
		{7340F3B3-4DD8-4A88-9FA4-9BA119542261}.Release|x64.Build.0 = Release|x64
		{7340F3B3-4DD8-4A88-9FA4-9BA119542261}.Release|x86.ActiveCfg = Release|Win32
		{7340F3B3-4DD8-4A88-9FA4-9BA119542261}.Release|x86.Build.0 = Release|Win32
		{8A7CA34E-C19F-4EF2-9368-D77503E36083}.Debug|x64.ActiveCfg = Debug|x64
		{8A7CA34E-C19F-4EF2-9368-D77503E36083}.Debug|x64.Build.0 = Debug|x64
		{8A7CA34E-C19F-4EF2-9368-D77503E36083}.Debug|x86.ActiveCfg = Debug|Win32
		{8A7CA34E-C19F-4EF2-9368-D77503E36083}.Debug|x86.Build.0 = Debug|Win32
		{8A7CA34E-C19F-4EF2-9368-D77503E36083}.Release|x64.ActiveCfg = Release|x64
		{8A7CA34E-C19F-4EF2-9368-D77503E36083}.Release|x64.Build.0 = Release|x64
		{8A7CA34E-C19F-4EF2-9368-D77503E36083}.Release|x86.ActiveCfg = Release|Win32
		{8A7CA34E-C19F-4EF2-9368-D77503E36083}.Release|x86.Build.0 = Release|Win32
		{68D73A50-820D-44C0-81F8-459301906B43}.Debug|x64.ActiveCfg = Debug|x64
		{68D73A50-820D-44C0-81F8-459301906B43}.Debug|x64.Build.0 = Debug|x64
		{68D73A50-820D-44C0-81F8-459301906B43}.Debug|x86.ActiveCfg = Debug|Win32
		{68D73A50-820D-44C0-81F8-459301906B43}.Debug|x86.Build.0 = Debug|Win32
		{68D73A50-820D-44C0-81F8-459301906B43}.Release|x64.ActiveCfg = Release|x64
		{68D73A50-820D-44C0-81F8-459301906B43}.Release|x64.Build.0 = Release|x64
		{68D73A50-820D-44C0-81F8-459301906B43}.Release|x86.ActiveCfg = Release|Win32
		{68D73A50-820D-44C0-81F8-459301906B43}.Release|x86.Build.0 = Release|Win32
		{761A711B-333F-4265-8A54-B8919375A270}.Debug|x64.ActiveCfg = Debug|x64
		{761A711B-333F-4265-8A54-B8919375A270}.Debug|x64.Build.0 = Debug|x64
		{761A711B-333F-4265-8A54-B8919375A270}.Debug|x86.ActiveCfg = Debug|Win32
		{761A711B-333F-4265-8A54-B8919375A270}.Debug|x86.Build.0 = Debug|Win32
		{761A711B-333F-4265-8A54-B8919375A270}.Release|x64.ActiveCfg = Release|x64
		{761A711B-333F-4265-8A54-B8919375A270}.Release|x64.Build.0 = Release|x64
		{761A711B-333F-4265-8A54-B8919375A270}.Release|x86.ActiveCfg = Release|Win32
		{761A711B-333F-4265-8A54-B8919375A270}.Release|x86.Build.0 = Release|Win32
		{FC34FFAE-5C45-44A9-AA18-65F74AA1103F}.Debug|x64.ActiveCfg = Debug|x64
		{FC34FFAE-5C45-44A9-AA18-65F74AA1103F}.Debug|x64.Build.0 = Debug|x64
		{FC34FFAE-5C45-44A9-AA18-65F74AA1103F}.Debug|x86.ActiveCfg = Debug|Win32
		{FC34FFAE-5C45-44A9-AA18-65F74AA1103F}.Debug|x86.Build.0 = Debug|Win32
		{FC34FFAE-5C45-44A9-AA18-65F74AA1103F}.Release|x64.ActiveCfg = Release|x64
		{FC34FFAE-5C45-44A9-AA18-65F74AA1103F}.Release|x64.Build.0 = Release|x64
		{FC34FFAE-5C45-44A9-AA18-65F74AA1103F}.Release|x86.ActiveCfg = Release|Win32
		{FC34FFAE-5C45-44A9-AA18-65F74AA1103F}.Release|x86.Build.0 = Release|Win32
		{1179BA67-4FB1-4A2B-ADB2-B2348F73B071}.Debug|x64.ActiveCfg = Debug|x64
		{1179BA67-4FB1-4A2B-ADB2-B2348F73B071}.Debug|x64.Build.0 = Debug|x64
		{1179BA67-4FB1-4A2B-ADB2-B2348F73B071}.Debug|x86.ActiveCfg = Debug|Win32
		{1179BA67-4FB1-4A2B-ADB2-B2348F73B071}.Debug|x86.Build.0 = Debug|Win32
		{1179BA67-4FB1-4A2B-ADB2-B2348F73B071}.Release|x64.ActiveCfg = Release|x64
		{1179BA67-4FB1-4A2B-ADB2-B2348F73B071}.Release|x64.Build.0 = Release|x64
		{1179BA67-4FB1-4A2B-ADB2-B2348F73B071}.Release|x86.ActiveCfg = Release|Win32
		{1179BA67-4FB1-4A2B-ADB2-B2348F73B071}.Release|x86.Build.0 = Release|Win32
		{FA7DD50B-002E-4A07-896B-CFD16800BE79}.Debug|x64.ActiveCfg = Debug|x64
		{FA7DD50B-002E-4A07-896B-CFD16800BE79}.Debug|x64.Build.0 = Debug|x64
		{FA7DD50B-002E-4A07-896B-CFD16800BE79}.Debug|x86.ActiveCfg = Debug|Win32
		{FA7DD50B-002E-4A07-896B-CFD16800BE79}.Debug|x86.Build.0 = Debug|Win32
		{FA7DD50B-002E-4A07-896B-CFD16800BE79}.Release|x64.ActiveCfg = Release|x64
		{FA7DD50B-002E-4A07-896B-CFD16800BE79}.Release|x64.Build.0 = Release|x64
		{FA7DD50B-002E-4A07-896B-CFD16800BE79}.Release|x86.ActiveCfg = Release|Win32
		{FA7DD50B-002E-4A07-896B-CFD16800BE79}.Release|x86.Build.0 = Release|Win32
		{AFDFD0AF-3268-4921-AA28-5B26FD75D1FA}.Debug|x64.ActiveCfg = Debug|x64
		{AFDFD0AF-3268-4921-AA28-5B26FD75D1FA}.Debug|x64.Build.0 = Debug|x64
		{AFDFD0AF-3268-4921-AA28-5B26FD75D1FA}.Debug|x86.ActiveCfg = Debug|Win32
		{AFDFD0AF-3268-4921-AA28-5B26FD75D1FA}.Debug|x86.Build.0 = Debug|Win32
		{AFDFD0AF-3268-4921-AA28-5B26FD75D1FA}.Release|x64.ActiveCfg = Release|x64
		{AFDFD0AF-3268-4921-AA28-5B26FD75D1FA}.Release|x64.Build.0 = Release|x64
		{AFDFD0AF-3268-4921-AA28-5B26FD75D1FA}.Release|x86.ActiveCfg = Release|Win32
		{AFDFD0AF-3268-4921-AA28-5B26FD75D1FA}.Release|x86.Build.0 = Release|Win32
		{616820E8-B580-4CB3-9758-66A529321628}.Debug|x64.ActiveCfg = Debug|x64
		{616820E8-B580-4CB3-9758-66A529321628}.Debug|x64.Build.0 = Debug|x64
		{616820E8-B580-4CB3-9758-66A529321628}.Debug|x86.ActiveCfg = Debug|Win32
		{616820E8-B580-4CB3-9758-66A529321628}.Debug|x86.Build.0 = Debug|Win32
		{616820E8-B580-4CB3-9758-66A529321628}.Release|x64.ActiveCfg = Release|x64
		{616820E8-B580-4CB3-9758-66A529321628}.Release|x64.Build.0 = Release|x64
		{616820E8-B580-4CB3-9758-66A529321628}.Release|x86.ActiveCfg = Release|Win32
		{616820E8-B580-4CB3-9758-66A529321628}.Release|x86.Build.0 = Release|Win32
		{5F0C4DB4-9295-4D04-88A0-45AC90A0485B}.Debug|x64.ActiveCfg = Debug|x64
		{5F0C4DB4-9295-4D04-88A0-45AC90A0485B}.Debug|x64.Build.0 = Debug|x64
		{5F0C4DB4-9295-4D04-88A0-45AC90A0485B}.Debug|x86.ActiveCfg = Debug|Win32
		{5F0C4DB4-9295-4D04-88A0-45AC90A0485B}.Debug|x86.Build.0 = Debug|Win32
		{5F0C4DB4-9295-4D04-88A0-45AC90A0485B}.Release|x64.ActiveCfg = Release|x64
		{5F0C4DB4-9295-4D04-88A0-45AC90A0485B}.Release|x64.Build.0 = Release|x64
		{5F0C4DB4-9295-4D04-88A0-45AC90A0485B}.Release|x86.ActiveCfg = Release|Win32
		{5F0C4DB4-9295-4D04-88A0-45AC90A0485B}.Release|x86.Build.0 = Release|Win32
		{071172C3-6C6B-4224-BA86-45F0E721D9DD}.Debug|x64.ActiveCfg = Debug|x64
		{071172C3-6C6B-4224-BA86-45F0E721D9DD}.Debug|x64.Build.0 = Debug|x64
		{071172C3-6C6B-4224-BA86-45F0E721D9DD}.Debug|x86.ActiveCfg = Debug|Win32
		{071172C3-6C6B-4224-BA86-45F0E721D9DD}.Debug|x86.Build.0 = Debug|Win32
		{071172C3-6C6B-4224-BA86-45F0E721D9DD}.Release|x64.ActiveCfg = Release|x64
		{071172C3-6C6B-4224-BA86-45F0E721D9DD}.Release|x64.Build.0 = Release|x64
		{071172C3-6C6B-4224-BA86-45F0E721D9DD}.Release|x86.ActiveCfg = Release|Win32
		{071172C3-6C6B-4224-BA86-45F0E721D9DD}.Release|x86.Build.0 = Release|Win32
		{C7324D6E-5156-4A9B-9EFB-85B718D5C260}.Debug|x64.ActiveCfg = Debug|x64
		{C7324D6E-5156-4A9B-9EFB-85B718D5C260}.Debug|x64.Build.0 = Debug|x64
		{C7324D6E-5156-4A9B-9EFB-85B718D5C260}.Debug|x86.ActiveCfg = Debug|Win32
		{C7324D6E-5156-4A9B-9EFB-85B718D5C260}.Debug|x86.Build.0 = Debug|Win32
		{C7324D6E-5156-4A9B-9EFB-85B718D5C260}.Release|x64.ActiveCfg = Release|x64
		{C7324D6E-5156-4A9B-9EFB-85B718D5C260}.Release|x64.Build.0 = Release|x64
		{C7324D6E-5156-4A9B-9EFB-85B718D5C260}.Release|x86.ActiveCfg = Release|Win32
		{C7324D6E-5156-4A9B-9EFB-85B718D5C260}.Release|x86.Build.0 = Release|Win32
	EndGlobalSection
	GlobalSection(SolutionProperties) = preSolution
		HideSolutionNode = FALSE
	EndGlobalSection
	GlobalSection(ExtensibilityGlobals) = postSolution
		SolutionGuid = {9FC72E2D-1582-4890-8E0F-34E69DFC44D4}
	EndGlobalSection
EndGlobal
