
Microsoft Visual Studio Solution File, Format Version 12.00
# Visual Studio Version 16
VisualStudioVersion = 16.0.30804.86
MinimumVisualStudioVersion = 10.0.40219.1
Project("{8BC9CEB8-8B4A-11D0-8D11-00A0C91BC942}") = "10718", "10718\10718.vcxproj", "{3F9F76F9-2156-49BC-B693-4CAF31A7F5DA}"
EndProject
Project("{8BC9CEB8-8B4A-11D0-8D11-00A0C91BC942}") = "10171", "10171\10171.vcxproj", "{6D43C015-4C3D-4524-9638-740CB52A9138}"
EndProject
Project("{8BC9CEB8-8B4A-11D0-8D11-00A0C91BC942}") = "10172", "10172\10172.vcxproj", "{F850FD18-5E2D-451F-8ED5-E8D6D1EC5250}"
EndProject
Project("{8BC9CEB8-8B4A-11D0-8D11-00A0C91BC942}") = "10998", "10998\10998.vcxproj", "{A99CE94F-4CF1-44CB-BEEA-3C7206C542B4}"
EndProject
Project("{8BC9CEB8-8B4A-11D0-8D11-00A0C91BC942}") = "10869", "10869\10869.vcxproj", "{881C6695-A1A2-42EF-90C9-1E5231CFB918}"
EndProject
Project("{8BC9CEB8-8B4A-11D0-8D11-00A0C91BC942}") = "10430", "10430\10430.vcxproj", "{95678BBA-B200-4728-AEC0-B5DEB06105DC}"
EndProject
Project("{8BC9CEB8-8B4A-11D0-8D11-00A0C91BC942}") = "10950", "10950\10950.vcxproj", "{7135091F-6B9F-4A5C-923A-703CF8B12F84}"
EndProject
Project("{8BC9CEB8-8B4A-11D0-8D11-00A0C91BC942}") = "10871", "10871\10871.vcxproj", "{95E6A88E-A1FF-4ACF-832A-C34E343669BD}"
EndProject
Project("{8BC9CEB8-8B4A-11D0-8D11-00A0C91BC942}") = "10952", "10952\10952.vcxproj", "{38011626-6C2E-46CD-9AB4-B3BDB6D82C3B}"
EndProject
Project("{8BC9CEB8-8B4A-11D0-8D11-00A0C91BC942}") = "10951", "10951\10951.vcxproj", "{8A9A23A9-3684-45B9-882F-1FDA60A0F102}"
EndProject
Project("{8BC9CEB8-8B4A-11D0-8D11-00A0C91BC942}") = "10818", "10818\10818.vcxproj", "{AFCA4648-7AD4-4320-9873-5B9324D98563}"
EndProject
Project("{8BC9CEB8-8B4A-11D0-8D11-00A0C91BC942}") = "10809", "10809\10809.vcxproj", "{C104BAB1-3D39-44BD-A226-B074132D8C4F}"
EndProject
Project("{8BC9CEB8-8B4A-11D0-8D11-00A0C91BC942}") = "10250", "10250\10250.vcxproj", "{B4B6FFD9-FD83-44A2-9920-FEB255F45C68}"
EndProject
Project("{8BC9CEB8-8B4A-11D0-8D11-00A0C91BC942}") = "10757", "10757\10757.vcxproj", "{76B6C7A9-8EA6-409E-9527-15E2F8B60111}"
EndProject
Project("{8BC9CEB8-8B4A-11D0-8D11-00A0C91BC942}") = "10872", "10872\10872.vcxproj", "{CEEE1C19-7001-42A1-8270-9D646E288551}"
EndProject
Project("{8BC9CEB8-8B4A-11D0-8D11-00A0C91BC942}") = "10870", "10870\10870.vcxproj", "{EA7A34B8-DD02-4553-8171-D1FA16BA13BA}"
EndProject
Project("{8BC9CEB8-8B4A-11D0-8D11-00A0C91BC942}") = "10989", "10989\10989.vcxproj", "{8014DE40-353B-4CAE-B8DB-F5FE78E9D6BD}"
EndProject
Project("{8BC9CEB8-8B4A-11D0-8D11-00A0C91BC942}") = "10814", "10814\10814.vcxproj", "{03F985AC-A24C-422D-B096-DA0003D108F4}"
EndProject
Global
	GlobalSection(SolutionConfigurationPlatforms) = preSolution
		Debug|x64 = Debug|x64
		Debug|x86 = Debug|x86
		Release|x64 = Release|x64
		Release|x86 = Release|x86
	EndGlobalSection
	GlobalSection(ProjectConfigurationPlatforms) = postSolution
		{3F9F76F9-2156-49BC-B693-4CAF31A7F5DA}.Debug|x64.ActiveCfg = Debug|x64
		{3F9F76F9-2156-49BC-B693-4CAF31A7F5DA}.Debug|x64.Build.0 = Debug|x64
		{3F9F76F9-2156-49BC-B693-4CAF31A7F5DA}.Debug|x86.ActiveCfg = Debug|Win32
		{3F9F76F9-2156-49BC-B693-4CAF31A7F5DA}.Debug|x86.Build.0 = Debug|Win32
		{3F9F76F9-2156-49BC-B693-4CAF31A7F5DA}.Release|x64.ActiveCfg = Release|x64
		{3F9F76F9-2156-49BC-B693-4CAF31A7F5DA}.Release|x64.Build.0 = Release|x64
		{3F9F76F9-2156-49BC-B693-4CAF31A7F5DA}.Release|x86.ActiveCfg = Release|Win32
		{3F9F76F9-2156-49BC-B693-4CAF31A7F5DA}.Release|x86.Build.0 = Release|Win32
		{6D43C015-4C3D-4524-9638-740CB52A9138}.Debug|x64.ActiveCfg = Debug|x64
		{6D43C015-4C3D-4524-9638-740CB52A9138}.Debug|x64.Build.0 = Debug|x64
		{6D43C015-4C3D-4524-9638-740CB52A9138}.Debug|x86.ActiveCfg = Debug|Win32
		{6D43C015-4C3D-4524-9638-740CB52A9138}.Debug|x86.Build.0 = Debug|Win32
		{6D43C015-4C3D-4524-9638-740CB52A9138}.Release|x64.ActiveCfg = Release|x64
		{6D43C015-4C3D-4524-9638-740CB52A9138}.Release|x64.Build.0 = Release|x64
		{6D43C015-4C3D-4524-9638-740CB52A9138}.Release|x86.ActiveCfg = Release|Win32
		{6D43C015-4C3D-4524-9638-740CB52A9138}.Release|x86.Build.0 = Release|Win32
		{F850FD18-5E2D-451F-8ED5-E8D6D1EC5250}.Debug|x64.ActiveCfg = Debug|x64
		{F850FD18-5E2D-451F-8ED5-E8D6D1EC5250}.Debug|x64.Build.0 = Debug|x64
		{F850FD18-5E2D-451F-8ED5-E8D6D1EC5250}.Debug|x86.ActiveCfg = Debug|Win32
		{F850FD18-5E2D-451F-8ED5-E8D6D1EC5250}.Debug|x86.Build.0 = Debug|Win32
		{F850FD18-5E2D-451F-8ED5-E8D6D1EC5250}.Release|x64.ActiveCfg = Release|x64
		{F850FD18-5E2D-451F-8ED5-E8D6D1EC5250}.Release|x64.Build.0 = Release|x64
		{F850FD18-5E2D-451F-8ED5-E8D6D1EC5250}.Release|x86.ActiveCfg = Release|Win32
		{F850FD18-5E2D-451F-8ED5-E8D6D1EC5250}.Release|x86.Build.0 = Release|Win32
		{A99CE94F-4CF1-44CB-BEEA-3C7206C542B4}.Debug|x64.ActiveCfg = Debug|x64
		{A99CE94F-4CF1-44CB-BEEA-3C7206C542B4}.Debug|x64.Build.0 = Debug|x64
		{A99CE94F-4CF1-44CB-BEEA-3C7206C542B4}.Debug|x86.ActiveCfg = Debug|Win32
		{A99CE94F-4CF1-44CB-BEEA-3C7206C542B4}.Debug|x86.Build.0 = Debug|Win32
		{A99CE94F-4CF1-44CB-BEEA-3C7206C542B4}.Release|x64.ActiveCfg = Release|x64
		{A99CE94F-4CF1-44CB-BEEA-3C7206C542B4}.Release|x64.Build.0 = Release|x64
		{A99CE94F-4CF1-44CB-BEEA-3C7206C542B4}.Release|x86.ActiveCfg = Release|Win32
		{A99CE94F-4CF1-44CB-BEEA-3C7206C542B4}.Release|x86.Build.0 = Release|Win32
		{881C6695-A1A2-42EF-90C9-1E5231CFB918}.Debug|x64.ActiveCfg = Debug|x64
		{881C6695-A1A2-42EF-90C9-1E5231CFB918}.Debug|x64.Build.0 = Debug|x64
		{881C6695-A1A2-42EF-90C9-1E5231CFB918}.Debug|x86.ActiveCfg = Debug|Win32
		{881C6695-A1A2-42EF-90C9-1E5231CFB918}.Debug|x86.Build.0 = Debug|Win32
		{881C6695-A1A2-42EF-90C9-1E5231CFB918}.Release|x64.ActiveCfg = Release|x64
		{881C6695-A1A2-42EF-90C9-1E5231CFB918}.Release|x64.Build.0 = Release|x64
		{881C6695-A1A2-42EF-90C9-1E5231CFB918}.Release|x86.ActiveCfg = Release|Win32
		{881C6695-A1A2-42EF-90C9-1E5231CFB918}.Release|x86.Build.0 = Release|Win32
		{95678BBA-B200-4728-AEC0-B5DEB06105DC}.Debug|x64.ActiveCfg = Debug|x64
		{95678BBA-B200-4728-AEC0-B5DEB06105DC}.Debug|x64.Build.0 = Debug|x64
		{95678BBA-B200-4728-AEC0-B5DEB06105DC}.Debug|x86.ActiveCfg = Debug|Win32
		{95678BBA-B200-4728-AEC0-B5DEB06105DC}.Debug|x86.Build.0 = Debug|Win32
		{95678BBA-B200-4728-AEC0-B5DEB06105DC}.Release|x64.ActiveCfg = Release|x64
		{95678BBA-B200-4728-AEC0-B5DEB06105DC}.Release|x64.Build.0 = Release|x64
		{95678BBA-B200-4728-AEC0-B5DEB06105DC}.Release|x86.ActiveCfg = Release|Win32
		{95678BBA-B200-4728-AEC0-B5DEB06105DC}.Release|x86.Build.0 = Release|Win32
		{7135091F-6B9F-4A5C-923A-703CF8B12F84}.Debug|x64.ActiveCfg = Debug|x64
		{7135091F-6B9F-4A5C-923A-703CF8B12F84}.Debug|x64.Build.0 = Debug|x64
		{7135091F-6B9F-4A5C-923A-703CF8B12F84}.Debug|x86.ActiveCfg = Debug|Win32
		{7135091F-6B9F-4A5C-923A-703CF8B12F84}.Debug|x86.Build.0 = Debug|Win32
		{7135091F-6B9F-4A5C-923A-703CF8B12F84}.Release|x64.ActiveCfg = Release|x64
		{7135091F-6B9F-4A5C-923A-703CF8B12F84}.Release|x64.Build.0 = Release|x64
		{7135091F-6B9F-4A5C-923A-703CF8B12F84}.Release|x86.ActiveCfg = Release|Win32
		{7135091F-6B9F-4A5C-923A-703CF8B12F84}.Release|x86.Build.0 = Release|Win32
		{95E6A88E-A1FF-4ACF-832A-C34E343669BD}.Debug|x64.ActiveCfg = Debug|x64
		{95E6A88E-A1FF-4ACF-832A-C34E343669BD}.Debug|x64.Build.0 = Debug|x64
		{95E6A88E-A1FF-4ACF-832A-C34E343669BD}.Debug|x86.ActiveCfg = Debug|Win32
		{95E6A88E-A1FF-4ACF-832A-C34E343669BD}.Debug|x86.Build.0 = Debug|Win32
		{95E6A88E-A1FF-4ACF-832A-C34E343669BD}.Release|x64.ActiveCfg = Release|x64
		{95E6A88E-A1FF-4ACF-832A-C34E343669BD}.Release|x64.Build.0 = Release|x64
		{95E6A88E-A1FF-4ACF-832A-C34E343669BD}.Release|x86.ActiveCfg = Release|Win32
		{95E6A88E-A1FF-4ACF-832A-C34E343669BD}.Release|x86.Build.0 = Release|Win32
		{38011626-6C2E-46CD-9AB4-B3BDB6D82C3B}.Debug|x64.ActiveCfg = Debug|x64
		{38011626-6C2E-46CD-9AB4-B3BDB6D82C3B}.Debug|x64.Build.0 = Debug|x64
		{38011626-6C2E-46CD-9AB4-B3BDB6D82C3B}.Debug|x86.ActiveCfg = Debug|Win32
		{38011626-6C2E-46CD-9AB4-B3BDB6D82C3B}.Debug|x86.Build.0 = Debug|Win32
		{38011626-6C2E-46CD-9AB4-B3BDB6D82C3B}.Release|x64.ActiveCfg = Release|x64
		{38011626-6C2E-46CD-9AB4-B3BDB6D82C3B}.Release|x64.Build.0 = Release|x64
		{38011626-6C2E-46CD-9AB4-B3BDB6D82C3B}.Release|x86.ActiveCfg = Release|Win32
		{38011626-6C2E-46CD-9AB4-B3BDB6D82C3B}.Release|x86.Build.0 = Release|Win32
		{8A9A23A9-3684-45B9-882F-1FDA60A0F102}.Debug|x64.ActiveCfg = Debug|x64
		{8A9A23A9-3684-45B9-882F-1FDA60A0F102}.Debug|x64.Build.0 = Debug|x64
		{8A9A23A9-3684-45B9-882F-1FDA60A0F102}.Debug|x86.ActiveCfg = Debug|Win32
		{8A9A23A9-3684-45B9-882F-1FDA60A0F102}.Debug|x86.Build.0 = Debug|Win32
		{8A9A23A9-3684-45B9-882F-1FDA60A0F102}.Release|x64.ActiveCfg = Release|x64
		{8A9A23A9-3684-45B9-882F-1FDA60A0F102}.Release|x64.Build.0 = Release|x64
		{8A9A23A9-3684-45B9-882F-1FDA60A0F102}.Release|x86.ActiveCfg = Release|Win32
		{8A9A23A9-3684-45B9-882F-1FDA60A0F102}.Release|x86.Build.0 = Release|Win32
		{AFCA4648-7AD4-4320-9873-5B9324D98563}.Debug|x64.ActiveCfg = Debug|x64
		{AFCA4648-7AD4-4320-9873-5B9324D98563}.Debug|x64.Build.0 = Debug|x64
		{AFCA4648-7AD4-4320-9873-5B9324D98563}.Debug|x86.ActiveCfg = Debug|Win32
		{AFCA4648-7AD4-4320-9873-5B9324D98563}.Debug|x86.Build.0 = Debug|Win32
		{AFCA4648-7AD4-4320-9873-5B9324D98563}.Release|x64.ActiveCfg = Release|x64
		{AFCA4648-7AD4-4320-9873-5B9324D98563}.Release|x64.Build.0 = Release|x64
		{AFCA4648-7AD4-4320-9873-5B9324D98563}.Release|x86.ActiveCfg = Release|Win32
		{AFCA4648-7AD4-4320-9873-5B9324D98563}.Release|x86.Build.0 = Release|Win32
		{C104BAB1-3D39-44BD-A226-B074132D8C4F}.Debug|x64.ActiveCfg = Debug|x64
		{C104BAB1-3D39-44BD-A226-B074132D8C4F}.Debug|x64.Build.0 = Debug|x64
		{C104BAB1-3D39-44BD-A226-B074132D8C4F}.Debug|x86.ActiveCfg = Debug|Win32
		{C104BAB1-3D39-44BD-A226-B074132D8C4F}.Debug|x86.Build.0 = Debug|Win32
		{C104BAB1-3D39-44BD-A226-B074132D8C4F}.Release|x64.ActiveCfg = Release|x64
		{C104BAB1-3D39-44BD-A226-B074132D8C4F}.Release|x64.Build.0 = Release|x64
		{C104BAB1-3D39-44BD-A226-B074132D8C4F}.Release|x86.ActiveCfg = Release|Win32
		{C104BAB1-3D39-44BD-A226-B074132D8C4F}.Release|x86.Build.0 = Release|Win32
		{B4B6FFD9-FD83-44A2-9920-FEB255F45C68}.Debug|x64.ActiveCfg = Debug|x64
		{B4B6FFD9-FD83-44A2-9920-FEB255F45C68}.Debug|x64.Build.0 = Debug|x64
		{B4B6FFD9-FD83-44A2-9920-FEB255F45C68}.Debug|x86.ActiveCfg = Debug|Win32
		{B4B6FFD9-FD83-44A2-9920-FEB255F45C68}.Debug|x86.Build.0 = Debug|Win32
		{B4B6FFD9-FD83-44A2-9920-FEB255F45C68}.Release|x64.ActiveCfg = Release|x64
		{B4B6FFD9-FD83-44A2-9920-FEB255F45C68}.Release|x64.Build.0 = Release|x64
		{B4B6FFD9-FD83-44A2-9920-FEB255F45C68}.Release|x86.ActiveCfg = Release|Win32
		{B4B6FFD9-FD83-44A2-9920-FEB255F45C68}.Release|x86.Build.0 = Release|Win32
		{76B6C7A9-8EA6-409E-9527-15E2F8B60111}.Debug|x64.ActiveCfg = Debug|x64
		{76B6C7A9-8EA6-409E-9527-15E2F8B60111}.Debug|x64.Build.0 = Debug|x64
		{76B6C7A9-8EA6-409E-9527-15E2F8B60111}.Debug|x86.ActiveCfg = Debug|Win32
		{76B6C7A9-8EA6-409E-9527-15E2F8B60111}.Debug|x86.Build.0 = Debug|Win32
		{76B6C7A9-8EA6-409E-9527-15E2F8B60111}.Release|x64.ActiveCfg = Release|x64
		{76B6C7A9-8EA6-409E-9527-15E2F8B60111}.Release|x64.Build.0 = Release|x64
		{76B6C7A9-8EA6-409E-9527-15E2F8B60111}.Release|x86.ActiveCfg = Release|Win32
		{76B6C7A9-8EA6-409E-9527-15E2F8B60111}.Release|x86.Build.0 = Release|Win32
		{CEEE1C19-7001-42A1-8270-9D646E288551}.Debug|x64.ActiveCfg = Debug|x64
		{CEEE1C19-7001-42A1-8270-9D646E288551}.Debug|x64.Build.0 = Debug|x64
		{CEEE1C19-7001-42A1-8270-9D646E288551}.Debug|x86.ActiveCfg = Debug|Win32
		{CEEE1C19-7001-42A1-8270-9D646E288551}.Debug|x86.Build.0 = Debug|Win32
		{CEEE1C19-7001-42A1-8270-9D646E288551}.Release|x64.ActiveCfg = Release|x64
		{CEEE1C19-7001-42A1-8270-9D646E288551}.Release|x64.Build.0 = Release|x64
		{CEEE1C19-7001-42A1-8270-9D646E288551}.Release|x86.ActiveCfg = Release|Win32
		{CEEE1C19-7001-42A1-8270-9D646E288551}.Release|x86.Build.0 = Release|Win32
		{EA7A34B8-DD02-4553-8171-D1FA16BA13BA}.Debug|x64.ActiveCfg = Debug|x64
		{EA7A34B8-DD02-4553-8171-D1FA16BA13BA}.Debug|x64.Build.0 = Debug|x64
		{EA7A34B8-DD02-4553-8171-D1FA16BA13BA}.Debug|x86.ActiveCfg = Debug|Win32
		{EA7A34B8-DD02-4553-8171-D1FA16BA13BA}.Debug|x86.Build.0 = Debug|Win32
		{EA7A34B8-DD02-4553-8171-D1FA16BA13BA}.Release|x64.ActiveCfg = Release|x64
		{EA7A34B8-DD02-4553-8171-D1FA16BA13BA}.Release|x64.Build.0 = Release|x64
		{EA7A34B8-DD02-4553-8171-D1FA16BA13BA}.Release|x86.ActiveCfg = Release|Win32
		{EA7A34B8-DD02-4553-8171-D1FA16BA13BA}.Release|x86.Build.0 = Release|Win32
		{8014DE40-353B-4CAE-B8DB-F5FE78E9D6BD}.Debug|x64.ActiveCfg = Debug|x64
		{8014DE40-353B-4CAE-B8DB-F5FE78E9D6BD}.Debug|x64.Build.0 = Debug|x64
		{8014DE40-353B-4CAE-B8DB-F5FE78E9D6BD}.Debug|x86.ActiveCfg = Debug|Win32
		{8014DE40-353B-4CAE-B8DB-F5FE78E9D6BD}.Debug|x86.Build.0 = Debug|Win32
		{8014DE40-353B-4CAE-B8DB-F5FE78E9D6BD}.Release|x64.ActiveCfg = Release|x64
		{8014DE40-353B-4CAE-B8DB-F5FE78E9D6BD}.Release|x64.Build.0 = Release|x64
		{8014DE40-353B-4CAE-B8DB-F5FE78E9D6BD}.Release|x86.ActiveCfg = Release|Win32
		{8014DE40-353B-4CAE-B8DB-F5FE78E9D6BD}.Release|x86.Build.0 = Release|Win32
		{03F985AC-A24C-422D-B096-DA0003D108F4}.Debug|x64.ActiveCfg = Debug|x64
		{03F985AC-A24C-422D-B096-DA0003D108F4}.Debug|x64.Build.0 = Debug|x64
		{03F985AC-A24C-422D-B096-DA0003D108F4}.Debug|x86.ActiveCfg = Debug|Win32
		{03F985AC-A24C-422D-B096-DA0003D108F4}.Debug|x86.Build.0 = Debug|Win32
		{03F985AC-A24C-422D-B096-DA0003D108F4}.Release|x64.ActiveCfg = Release|x64
		{03F985AC-A24C-422D-B096-DA0003D108F4}.Release|x64.Build.0 = Release|x64
		{03F985AC-A24C-422D-B096-DA0003D108F4}.Release|x86.ActiveCfg = Release|Win32
		{03F985AC-A24C-422D-B096-DA0003D108F4}.Release|x86.Build.0 = Release|Win32
	EndGlobalSection
	GlobalSection(SolutionProperties) = preSolution
		HideSolutionNode = FALSE
	EndGlobalSection
	GlobalSection(ExtensibilityGlobals) = postSolution
		SolutionGuid = {CF1E0A70-23C3-4134-8E2C-6509A897CDFC}
	EndGlobalSection
EndGlobal
