
Microsoft Visual Studio Solution File, Format Version 12.00
# Visual Studio Version 16
VisualStudioVersion = 16.0.30907.101
MinimumVisualStudioVersion = 10.0.40219.1
Project("{8BC9CEB8-8B4A-11D0-8D11-00A0C91BC942}") = "11021", "11021\11021.vcxproj", "{0514B532-6190-47B7-AF01-3E3BBEBCA753}"
EndProject
Project("{8BC9CEB8-8B4A-11D0-8D11-00A0C91BC942}") = "11022", "11022\11022.vcxproj", "{8C44F554-317E-4AD4-AAF7-2F1D08240ECC}"
EndProject
Project("{8BC9CEB8-8B4A-11D0-8D11-00A0C91BC942}") = "11654", "11654\11654.vcxproj", "{84679DFD-A70B-4D76-B16E-E4058010B860}"
EndProject
Project("{8BC9CEB8-8B4A-11D0-8D11-00A0C91BC942}") = "11720", "11720\11720.vcxproj", "{FBC82C77-D3CE-41B1-9329-6C45A9E566BD}"
EndProject
Project("{8BC9CEB8-8B4A-11D0-8D11-00A0C91BC942}") = "11653", "11653\11653.vcxproj", "{E6077855-C624-4F8B-B5E9-5B003ABC43DB}"
EndProject
Global
	GlobalSection(SolutionConfigurationPlatforms) = preSolution
		Debug|x64 = Debug|x64
		Debug|x86 = Debug|x86
		Release|x64 = Release|x64
		Release|x86 = Release|x86
	EndGlobalSection
	GlobalSection(ProjectConfigurationPlatforms) = postSolution
		{0514B532-6190-47B7-AF01-3E3BBEBCA753}.Debug|x64.ActiveCfg = Debug|x64
		{0514B532-6190-47B7-AF01-3E3BBEBCA753}.Debug|x64.Build.0 = Debug|x64
		{0514B532-6190-47B7-AF01-3E3BBEBCA753}.Debug|x86.ActiveCfg = Debug|Win32
		{0514B532-6190-47B7-AF01-3E3BBEBCA753}.Debug|x86.Build.0 = Debug|Win32
		{0514B532-6190-47B7-AF01-3E3BBEBCA753}.Release|x64.ActiveCfg = Release|x64
		{0514B532-6190-47B7-AF01-3E3BBEBCA753}.Release|x64.Build.0 = Release|x64
		{0514B532-6190-47B7-AF01-3E3BBEBCA753}.Release|x86.ActiveCfg = Release|Win32
		{0514B532-6190-47B7-AF01-3E3BBEBCA753}.Release|x86.Build.0 = Release|Win32
		{8C44F554-317E-4AD4-AAF7-2F1D08240ECC}.Debug|x64.ActiveCfg = Debug|x64
		{8C44F554-317E-4AD4-AAF7-2F1D08240ECC}.Debug|x64.Build.0 = Debug|x64
		{8C44F554-317E-4AD4-AAF7-2F1D08240ECC}.Debug|x86.ActiveCfg = Debug|Win32
		{8C44F554-317E-4AD4-AAF7-2F1D08240ECC}.Debug|x86.Build.0 = Debug|Win32
		{8C44F554-317E-4AD4-AAF7-2F1D08240ECC}.Release|x64.ActiveCfg = Release|x64
		{8C44F554-317E-4AD4-AAF7-2F1D08240ECC}.Release|x64.Build.0 = Release|x64
		{8C44F554-317E-4AD4-AAF7-2F1D08240ECC}.Release|x86.ActiveCfg = Release|Win32
		{8C44F554-317E-4AD4-AAF7-2F1D08240ECC}.Release|x86.Build.0 = Release|Win32
		{84679DFD-A70B-4D76-B16E-E4058010B860}.Debug|x64.ActiveCfg = Debug|x64
		{84679DFD-A70B-4D76-B16E-E4058010B860}.Debug|x64.Build.0 = Debug|x64
		{84679DFD-A70B-4D76-B16E-E4058010B860}.Debug|x86.ActiveCfg = Debug|Win32
		{84679DFD-A70B-4D76-B16E-E4058010B860}.Debug|x86.Build.0 = Debug|Win32
		{84679DFD-A70B-4D76-B16E-E4058010B860}.Release|x64.ActiveCfg = Release|x64
		{84679DFD-A70B-4D76-B16E-E4058010B860}.Release|x64.Build.0 = Release|x64
		{84679DFD-A70B-4D76-B16E-E4058010B860}.Release|x86.ActiveCfg = Release|Win32
		{84679DFD-A70B-4D76-B16E-E4058010B860}.Release|x86.Build.0 = Release|Win32
		{FBC82C77-D3CE-41B1-9329-6C45A9E566BD}.Debug|x64.ActiveCfg = Debug|x64
		{FBC82C77-D3CE-41B1-9329-6C45A9E566BD}.Debug|x64.Build.0 = Debug|x64
		{FBC82C77-D3CE-41B1-9329-6C45A9E566BD}.Debug|x86.ActiveCfg = Debug|Win32
		{FBC82C77-D3CE-41B1-9329-6C45A9E566BD}.Debug|x86.Build.0 = Debug|Win32
		{FBC82C77-D3CE-41B1-9329-6C45A9E566BD}.Release|x64.ActiveCfg = Release|x64
		{FBC82C77-D3CE-41B1-9329-6C45A9E566BD}.Release|x64.Build.0 = Release|x64
		{FBC82C77-D3CE-41B1-9329-6C45A9E566BD}.Release|x86.ActiveCfg = Release|Win32
		{FBC82C77-D3CE-41B1-9329-6C45A9E566BD}.Release|x86.Build.0 = Release|Win32
		{E6077855-C624-4F8B-B5E9-5B003ABC43DB}.Debug|x64.ActiveCfg = Debug|x64
		{E6077855-C624-4F8B-B5E9-5B003ABC43DB}.Debug|x64.Build.0 = Debug|x64
		{E6077855-C624-4F8B-B5E9-5B003ABC43DB}.Debug|x86.ActiveCfg = Debug|Win32
		{E6077855-C624-4F8B-B5E9-5B003ABC43DB}.Debug|x86.Build.0 = Debug|Win32
		{E6077855-C624-4F8B-B5E9-5B003ABC43DB}.Release|x64.ActiveCfg = Release|x64
		{E6077855-C624-4F8B-B5E9-5B003ABC43DB}.Release|x64.Build.0 = Release|x64
		{E6077855-C624-4F8B-B5E9-5B003ABC43DB}.Release|x86.ActiveCfg = Release|Win32
		{E6077855-C624-4F8B-B5E9-5B003ABC43DB}.Release|x86.Build.0 = Release|Win32
	EndGlobalSection
	GlobalSection(SolutionProperties) = preSolution
		HideSolutionNode = FALSE
	EndGlobalSection
	GlobalSection(ExtensibilityGlobals) = postSolution
		SolutionGuid = {38A5E7E6-0DF0-4CC5-882D-961BE1A7A570}
	EndGlobalSection
EndGlobal
